# THIS IS AN AUTOGENERATED FILE. DO NOT EDIT THIS FILE DIRECTLY.
assets/color-config.scss.liquid:
  demo_11: 2018-06-06T23:50:10-04:00   403b2a714e5eb04ae92031449d11ac2b
  demo_12: 2018-06-07T04:35:00-04:00   8aba8cb783ab37e9b368c5f10bd348f7
assets/main.css:
  demo_11: 2018-06-06T23:57:00-04:00   3c092730ce0d1c15867fd4b3ad4d7d90
  demo_12: 2018-06-08T04:17:58-04:00   1e7897ecad1a1995efbd1e4646bbe173
assets/style_home.css:
  demo_11: 2018-06-06T01:04:48-04:00   66fc20c979fc7e91252a94ce5289b2bc
  demo_12: 2018-06-07T04:55:35-04:00   02b96ecd81c9dbbe5bcea81dcad3985b
config/settings_data.json:
  demo_11: 2018-06-06T23:49:20-04:00   0593e0383a7757aac29bb11c87c90380
  demo_12: 2018-06-08T23:03:49-04:00   bdf9b002a28e20d4ddd189508b97e13a
config/settings_data_4.json:
  demo_11: 2018-06-06T04:20:19-04:00   04dc3c91834c26d591bc23a8250f6412
config/settings_data_11.json:
  demo_11: 2018-06-06T23:57:33-04:00   0593e0383a7757aac29bb11c87c90380
sections/about_us_team_member.liquid:
  demo_11: 2018-06-06T23:24:54-04:00   cc71f2c3ed62707b28df542f0e02a391
sections/home_aboutus_box.liquid:
  demo_11: 2018-06-03T01:01:59-04:00   5125a984683eccd95ec588b3b1562ba0
sections/home_banner_image.liquid:
  demo_11: 2018-06-06T23:54:06-04:00   54feb2419eca7192740e07879cacb7e2
sections/home_banner_image_2.liquid:
  demo_12: 2018-06-08T03:58:45-04:00   bf59ff303a1b204afa2f2aed43d51707
sections/home_special_offers.liquid:
  demo_11: 2018-06-06T04:41:34-04:00   a4e51a764d30ec5be01f357fa09a0cdd
sections/home_testimonials.liquid:
  demo_11: 2018-06-05T23:59:36-04:00   3802af36a93bf45341bc4bc36f43ef29
sections/home_video_banner.liquid:
  demo_11: 2018-06-04T00:42:31-04:00   da3d898128ace457d7aaf97a860de3a5
sections/service_counter_box.liquid:
  demo_11: 2018-06-04T00:31:25-04:00   e7cd888f89dfbce361a9f237255fa724
sections/spa_banner_image.liquid:
  demo_11: 2018-06-03T23:34:21-04:00   1c877bf0c376daf542dcf455f95fc8f6
sections/spa_event_box.liquid:
  demo_11: 2018-06-06T04:48:14-04:00   550655f4d1dbe81f913397253172fe62
sections/spa_service_list.liquid:
  demo_11: 2018-06-04T05:16:48-04:00   d5ff0bbf7cd2ee968a98d7ee0b4cb60c
snippets/block_title.liquid:
  demo_11: 2018-06-05T23:31:10-04:00   a5a5a550d3c62f09bae41287fb5fd610
