# THIS IS AN AUTOGENERATED FILE. DO NOT EDIT THIS FILE DIRECTLY.
assets/color-config.scss.liquid:
  demo_2: 2018-05-03T04:56:10-04:00   1af7f50cf284f3bba1fbbe86b8ea161c
  demo_3: 2018-05-06T04:43:50-04:00   815e4a48dae82aab9b6aa596cd1a2ece
  demo_4: 2018-05-08T04:27:11-04:00   b50bafd70dff2790331a41d2d7a414c7
assets/m2-sale50.png:
  demo_2: 2018-04-28T05:51:19-04:00   c15669e62cf4488615bb5fd69ccd77a5
assets/m3-icon-play.png:
  demo_3: 2018-05-05T02:34:07-04:00   611405ea082fea39aa740a66ddd0b414
assets/main.css:
  demo_2: 2018-05-03T04:59:47-04:00   399cf81be82439162eab6925fa1d17c6
  demo_3: 2018-05-06T21:35:07-04:00   da168c06f635c8d59be6862cb53f4961
  demo_4: 2018-05-08T04:26:53-04:00   aba06458007647dd7425b3cb40c04f74
  development: 2018-04-26T10:57:31-04:00   4529c578d22eb9ea14e13e365c958e4e
assets/style_home.css:
  demo_2: 2018-05-02T22:51:43-04:00   ff9690be78de6c4ac03cc70c1f8446f8
  demo_3: 2018-05-03T12:01:21-04:00   f38592ae1e84cb47c1f84d0e315e829d
  demo_4: 2018-05-06T22:41:10-04:00   89bc08b94e1a77f851718f5b06687e11
config/settings_data.json:
  demo_2: 2018-05-03T08:06:01-04:00   2a8d30e38d8faa3dc91fda2bfaa5fe6a
  demo_3: 2018-05-06T21:35:44-04:00   ee67df0a5d700835f330b5ca0c06f7b7
  demo_4: 2018-05-08T04:32:17-04:00   04dc3c91834c26d591bc23a8250f6412
  development: 2018-04-26T10:59:15-04:00   35c7d76a5ceecf99a1d11954c87e7bf8
config/settings_data_1.json:
  demo_2: 2018-04-26T13:42:05-04:00   35c7d76a5ceecf99a1d11954c87e7bf8
  demo_3: 2018-05-05T03:12:41-04:00   8d6a956e0417ef26aab115cf3beca256
config/settings_data_2.json:
  demo_2: 2018-05-03T08:08:25-04:00   2a8d30e38d8faa3dc91fda2bfaa5fe6a
  demo_3: 2018-05-05T03:12:41-04:00   c693c5483eb2b619f0eace194f1426fe
  demo_4: 2018-05-06T22:51:51-04:00   c693c5483eb2b619f0eace194f1426fe
config/settings_data_3.json:
  demo_3: 2018-05-06T21:39:39-04:00   ee67df0a5d700835f330b5ca0c06f7b7
config/settings_data_4.json:
  demo_4: 2018-05-08T04:32:59-04:00   04dc3c91834c26d591bc23a8250f6412
locales/en.default.json:
  demo_3: 2018-05-06T04:12:47-04:00   f4b756c78ccd95b50796e7049d2b8ad3
sections/featured_collections.liquid:
  development: 2018-04-26T10:54:18-04:00   1e30856185b5460c4b302e1935a06e7f
sections/home_aboutus_box.liquid:
  demo_3: 2018-05-04T04:18:41-04:00   943051e97960db58d9c12012f067b563
sections/home_article_list.liquid:
  demo_3: 2018-05-06T04:13:36-04:00   80156a71a1815f20be3e37117e93aa2a
  demo_4: 2018-05-08T03:59:30-04:00   ef3783b01c6363ea5f308c0cf487748e
sections/home_background_content.liquid:
  demo_2: 2018-05-03T04:06:33-04:00   00eeb0ef05a9785787beb22eef433084
sections/home_banner_image.liquid:
  demo_2: 2018-04-28T06:14:42-04:00   57252cf936f0114ab4780c31e66cdd59
  demo_3: 2018-05-04T02:47:23-04:00   0f1c795a82e68747ad5f090ea4231964
sections/home_collection_list.liquid:
  demo_4: 2018-05-07T04:19:26-04:00   735953c8209bc5063fe16241fb14a41d
sections/home_product_list.liquid:
  demo_3: 2018-05-04T04:22:53-04:00   30c6d110a28ee8ba7db0bd18a31fd7d1
sections/home_products_tab.liquid:
  demo_2: 2018-04-28T08:02:16-04:00   6fe5a3630934f55382f163fc686b83e7
sections/home_special_offers.liquid:
  demo_4: 2018-05-07T05:49:12-04:00   a4e51a764d30ec5be01f357fa09a0cdd
sections/home_tab_collection.liquid:
  demo_2: 2018-05-03T08:02:45-04:00   9950b389db6e23f3ffba4c2812ec0f9e
sections/home_testimonials.liquid:
  demo_2: 2018-05-03T04:57:26-04:00   7713e74a871da7aacb5a27fbf989763b
  demo_3: 2018-05-06T04:41:23-04:00   3fd8733095b0db20fe522ac4b21ccf5d
sections/home_video_banner.liquid:
  demo_3: 2018-05-05T02:43:54-04:00   bc67630b786600a39099a4f7424666c0
snippets/block_title.liquid:
  demo_2: 2018-04-28T07:54:49-04:00   9378a5482b7ad0f9562d50f1213bffa7
snippets/collection-grid-2-item.liquid:
  demo_4: 2018-05-06T23:38:59-04:00   857e782d07281caf6aaaf360ff12193a
snippets/home_article_item.liquid:
  demo_4: 2018-05-08T03:57:37-04:00   cd0e0113f1bf92c3c2eb8e2349c2b05e
snippets/home_article_item_2.liquid:
  demo_4: 2018-05-08T04:03:43-04:00   331f362318965a2029fa19ed3817346c
snippets/product-featured-collection.liquid:
  development: 2018-04-26T10:47:03-04:00   e5de96a34de01e1d0c3114456050daed
templates/cart.liquid:
  development: 2018-04-26T11:07:08-04:00   6b211de29d5eb90900e72e4db2963b43
