# THIS IS AN AUTOGENERATED FILE. DO NOT EDIT THIS FILE DIRECTLY.
config/settings_data.json:
  demo_13: 2018-06-14T06:07:42-04:00   872c12e0bfc7656be71fe9c6bba16b93
config/settings_data_13.json:
  demo_13: 2018-06-14T06:08:30-04:00   872c12e0bfc7656be71fe9c6bba16b93
sections/home_icon_box.liquid:
  demo_13: 2018-06-14T05:04:27-04:00   8263acfda82c8b92fd2fd7df801063af
